// !$*UTF8*$!
{
	archiveVersion = 1;
	classes = {
	};
	objectVersion = 46;
	objects = {

/* Begin PBXBuildFile section */
		AA05BFF91C5CDCC000B27A79 /* Configuration.swift in Sources */ = {isa = PBXBuildFile; fileRef = AA05BFF81C5CDCC000B27A79 /* Configuration.swift */; };
		AA32A63F1C3299BD00035F84 /* main.swift in Sources */ = {isa = PBXBuildFile; fileRef = AA32A63E1C3299B300035F84 /* main.swift */; };
		AA32A6411C329A6700035F84 /* NSGA-II.swift in Sources */ = {isa = PBXBuildFile; fileRef = AA32A6401C329A6700035F84 /* NSGA-II.swift */; };
		AA43E22C1C55F2E700554E04 /* CrossoverTests.swift in Sources */ = {isa = PBXBuildFile; fileRef = AA43E22B1C55F2E700554E04 /* CrossoverTests.swift */; };
		AA43E2341C57499000554E04 /* TournamentTests.swift in Sources */ = {isa = PBXBuildFile; fileRef = AA43E2331C57499000554E04 /* TournamentTests.swift */; };
		AA4F135D1C4A11A300BA35AC /* GenericProblems.swift in Sources */ = {isa = PBXBuildFile; fileRef = AA4F135C1C4A11A300BA35AC /* GenericProblems.swift */; };
		AA7EE0391C4B358D005615CF /* RankingTests.swift in Sources */ = {isa = PBXBuildFile; fileRef = AA7EE0381C4B358D005615CF /* RankingTests.swift */; };
		AA7EE0441C4B68C1005615CF /* CrowdingTests.swift in Sources */ = {isa = PBXBuildFile; fileRef = AA7EE0431C4B68C1005615CF /* CrowdingTests.swift */; };
		AA7EE04D1C4DC703005615CF /* FillTests.swift in Sources */ = {isa = PBXBuildFile; fileRef = AA7EE04B1C4DC703005615CF /* FillTests.swift */; };
		AA9B51C21CABBAC00005788F /* WaterProblemOld.swift in Sources */ = {isa = PBXBuildFile; fileRef = AA9B51C11CABBAC00005788F /* WaterProblemOld.swift */; };
		AA9E91B11CAE43FE003EA262 /* WaterEvaluatorWrapper.swift in Sources */ = {isa = PBXBuildFile; fileRef = AA9E91B01CAE43FE003EA262 /* WaterEvaluatorWrapper.swift */; };
		AAA6E0BF1CA2C8970098F82A /* SimpleIndividual.swift in Sources */ = {isa = PBXBuildFile; fileRef = AAA6E0BE1CA2C8970098F82A /* SimpleIndividual.swift */; };
		AAAA75141CBD1ED800BE7504 /* TestAssets.swift in Sources */ = {isa = PBXBuildFile; fileRef = AAAA75131CBD1ED800BE7504 /* TestAssets.swift */; };
		AAAA75161CBD23C800BE7504 /* PerformanceTests.swift in Sources */ = {isa = PBXBuildFile; fileRef = AAAA75151CBD23C800BE7504 /* PerformanceTests.swift */; };
		AAAA751A1CBD272D00BE7504 /* Ranking.swift in Sources */ = {isa = PBXBuildFile; fileRef = AA7EE02C1C4A2EC2005615CF /* Ranking.swift */; };
		AAAA751B1CBD272D00BE7504 /* Archiver.swift in Sources */ = {isa = PBXBuildFile; fileRef = AA9E91B21CB12BEC003EA262 /* Archiver.swift */; };
		AAAA751C1CBD272D00BE7504 /* Crowding.swift in Sources */ = {isa = PBXBuildFile; fileRef = AA7EE0451C4B6E16005615CF /* Crowding.swift */; };
		AAAA751D1CBD272D00BE7504 /* Tournament.swift in Sources */ = {isa = PBXBuildFile; fileRef = AA43E22D1C55F65900554E04 /* Tournament.swift */; };
		AAAA751E1CBD272D00BE7504 /* Crossover.swift in Sources */ = {isa = PBXBuildFile; fileRef = AA43E2301C57112900554E04 /* Crossover.swift */; };
		AAAA751F1CBD272D00BE7504 /* Offspring.swift in Sources */ = {isa = PBXBuildFile; fileRef = AA05BFF61C5B98AF00B27A79 /* Offspring.swift */; };
		AAAA75201CBD272D00BE7504 /* Fill.swift in Sources */ = {isa = PBXBuildFile; fileRef = AA7EE0481C4DC6BB005615CF /* Fill.swift */; };
		AAAA75211CBD272D00BE7504 /* Mutation.swift in Sources */ = {isa = PBXBuildFile; fileRef = AA43E2351C5751E700554E04 /* Mutation.swift */; };
		AAAA75221CBD279C00BE7504 /* NSGA-II.swift in Sources */ = {isa = PBXBuildFile; fileRef = AA32A6401C329A6700035F84 /* NSGA-II.swift */; };
		AAAA75231CBD279C00BE7504 /* Configuration.swift in Sources */ = {isa = PBXBuildFile; fileRef = AA05BFF81C5CDCC000B27A79 /* Configuration.swift */; };
		AAAA75241CBD279C00BE7504 /* GenericIndividual.swift in Sources */ = {isa = PBXBuildFile; fileRef = AAAB8DE51C8AEE56006245F2 /* GenericIndividual.swift */; };
		AAAA75251CBD279C00BE7504 /* SimpleIndividual.swift in Sources */ = {isa = PBXBuildFile; fileRef = AAA6E0BE1CA2C8970098F82A /* SimpleIndividual.swift */; };
		AAAA75261CBD279F00BE7504 /* GenericProblems.swift in Sources */ = {isa = PBXBuildFile; fileRef = AA4F135C1C4A11A300BA35AC /* GenericProblems.swift */; };
		AAAA75271CBD27A500BE7504 /* Ranking.swift in Sources */ = {isa = PBXBuildFile; fileRef = AA7EE02C1C4A2EC2005615CF /* Ranking.swift */; };
		AAAA75281CBD27A500BE7504 /* Archiver.swift in Sources */ = {isa = PBXBuildFile; fileRef = AA9E91B21CB12BEC003EA262 /* Archiver.swift */; };
		AAAA75291CBD27A500BE7504 /* Crowding.swift in Sources */ = {isa = PBXBuildFile; fileRef = AA7EE0451C4B6E16005615CF /* Crowding.swift */; };
		AAAA752A1CBD27A500BE7504 /* Tournament.swift in Sources */ = {isa = PBXBuildFile; fileRef = AA43E22D1C55F65900554E04 /* Tournament.swift */; };
		AAAA752B1CBD27A500BE7504 /* Crossover.swift in Sources */ = {isa = PBXBuildFile; fileRef = AA43E2301C57112900554E04 /* Crossover.swift */; };
		AAAA752C1CBD27A500BE7504 /* Offspring.swift in Sources */ = {isa = PBXBuildFile; fileRef = AA05BFF61C5B98AF00B27A79 /* Offspring.swift */; };
		AAAA752D1CBD27A500BE7504 /* Fill.swift in Sources */ = {isa = PBXBuildFile; fileRef = AA7EE0481C4DC6BB005615CF /* Fill.swift */; };
		AAAA752E1CBD27A500BE7504 /* Mutation.swift in Sources */ = {isa = PBXBuildFile; fileRef = AA43E2351C5751E700554E04 /* Mutation.swift */; };
		AAAA752F1CBD27AB00BE7504 /* Misc.swift in Sources */ = {isa = PBXBuildFile; fileRef = AAB95D2A1C80908500D0F466 /* Misc.swift */; };
		AAAA75301CBD27AB00BE7504 /* Random.swift in Sources */ = {isa = PBXBuildFile; fileRef = AAB95D2B1C80908500D0F466 /* Random.swift */; };
		AAAB8DE61C8AEE56006245F2 /* GenericIndividual.swift in Sources */ = {isa = PBXBuildFile; fileRef = AAAB8DE51C8AEE56006245F2 /* GenericIndividual.swift */; };
		AAB95D281C80906F00D0F466 /* WaterProblem.swift in Sources */ = {isa = PBXBuildFile; fileRef = AAB95D271C80906F00D0F466 /* WaterProblem.swift */; };
		AAB95D2C1C80908500D0F466 /* Misc.swift in Sources */ = {isa = PBXBuildFile; fileRef = AAB95D2A1C80908500D0F466 /* Misc.swift */; };
		AAB95D2E1C80908500D0F466 /* Random.swift in Sources */ = {isa = PBXBuildFile; fileRef = AAB95D2B1C80908500D0F466 /* Random.swift */; };
		AAC8AF0C1CE2169F00C4BD7C /* constraints.c in Sources */ = {isa = PBXBuildFile; fileRef = AAC8AF001CE2169F00C4BD7C /* constraints.c */; };
		AAC8AF0D1CE2169F00C4BD7C /* evaluator.c in Sources */ = {isa = PBXBuildFile; fileRef = AAC8AF021CE2169F00C4BD7C /* evaluator.c */; };
		AAC8AF0F1CE2169F00C4BD7C /* mh_misc.c in Sources */ = {isa = PBXBuildFile; fileRef = AAC8AF051CE2169F00C4BD7C /* mh_misc.c */; };
		AAC8AF101CE2169F00C4BD7C /* misc.c in Sources */ = {isa = PBXBuildFile; fileRef = AAC8AF071CE2169F00C4BD7C /* misc.c */; };
		AAC8AF111CE2169F00C4BD7C /* objectives.c in Sources */ = {isa = PBXBuildFile; fileRef = AAC8AF0A1CE2169F00C4BD7C /* objectives.c */; };
		AAC8AF141CE2178800C4BD7C /* constraints.c in Sources */ = {isa = PBXBuildFile; fileRef = AAC8AF001CE2169F00C4BD7C /* constraints.c */; };
		AAC8AF161CE2178800C4BD7C /* evaluator.c in Sources */ = {isa = PBXBuildFile; fileRef = AAC8AF021CE2169F00C4BD7C /* evaluator.c */; };
		AAC8AF181CE2178800C4BD7C /* mh_misc.c in Sources */ = {isa = PBXBuildFile; fileRef = AAC8AF051CE2169F00C4BD7C /* mh_misc.c */; };
		AAC8AF1A1CE2178800C4BD7C /* misc.c in Sources */ = {isa = PBXBuildFile; fileRef = AAC8AF071CE2169F00C4BD7C /* misc.c */; };
		AAC8AF1C1CE2178800C4BD7C /* objectives.c in Sources */ = {isa = PBXBuildFile; fileRef = AAC8AF0A1CE2169F00C4BD7C /* objectives.c */; };
		AAC8AF221CE2337C00C4BD7C /* FileHelper.swift in Sources */ = {isa = PBXBuildFile; fileRef = AAC8AF201CE2318000C4BD7C /* FileHelper.swift */; };
		AAFBABDA1C57B4D1006D8925 /* MutationTests.swift in Sources */ = {isa = PBXBuildFile; fileRef = AAFBABD91C57B4D1006D8925 /* MutationTests.swift */; };
/* End PBXBuildFile section */

/* Begin PBXCopyFilesBuildPhase section */
		AA32A6311C32997700035F84 /* CopyFiles */ = {
			isa = PBXCopyFilesBuildPhase;
			buildActionMask = 2147483647;
			dstPath = /usr/share/man/man1/;
			dstSubfolderSpec = 0;
			files = (
			);
			runOnlyForDeploymentPostprocessing = 1;
		};
/* End PBXCopyFilesBuildPhase section */

/* Begin PBXFileReference section */
		AA05BFF61C5B98AF00B27A79 /* Offspring.swift */ = {isa = PBXFileReference; fileEncoding = 4; lastKnownFileType = sourcecode.swift; path = Offspring.swift; sourceTree = "<group>"; };
		AA05BFF81C5CDCC000B27A79 /* Configuration.swift */ = {isa = PBXFileReference; fileEncoding = 4; lastKnownFileType = sourcecode.swift; path = Configuration.swift; sourceTree = "<group>"; };
		AA32A6331C32997700035F84 /* NSGA-II */ = {isa = PBXFileReference; explicitFileType = "compiled.mach-o.executable"; includeInIndex = 0; path = "NSGA-II"; sourceTree = BUILT_PRODUCTS_DIR; };
		AA32A63E1C3299B300035F84 /* main.swift */ = {isa = PBXFileReference; lastKnownFileType = sourcecode.swift; path = main.swift; sourceTree = "<group>"; };
		AA32A6401C329A6700035F84 /* NSGA-II.swift */ = {isa = PBXFileReference; fileEncoding = 4; lastKnownFileType = sourcecode.swift; path = "NSGA-II.swift"; sourceTree = "<group>"; };
		AA43E22B1C55F2E700554E04 /* CrossoverTests.swift */ = {isa = PBXFileReference; fileEncoding = 4; lastKnownFileType = sourcecode.swift; path = CrossoverTests.swift; sourceTree = "<group>"; };
		AA43E22D1C55F65900554E04 /* Tournament.swift */ = {isa = PBXFileReference; fileEncoding = 4; lastKnownFileType = sourcecode.swift; path = Tournament.swift; sourceTree = "<group>"; };
		AA43E2301C57112900554E04 /* Crossover.swift */ = {isa = PBXFileReference; fileEncoding = 4; lastKnownFileType = sourcecode.swift; path = Crossover.swift; sourceTree = "<group>"; };
		AA43E2331C57499000554E04 /* TournamentTests.swift */ = {isa = PBXFileReference; fileEncoding = 4; lastKnownFileType = sourcecode.swift; path = TournamentTests.swift; sourceTree = "<group>"; };
		AA43E2351C5751E700554E04 /* Mutation.swift */ = {isa = PBXFileReference; fileEncoding = 4; lastKnownFileType = sourcecode.swift; path = Mutation.swift; sourceTree = "<group>"; };
		AA4F135C1C4A11A300BA35AC /* GenericProblems.swift */ = {isa = PBXFileReference; fileEncoding = 4; lastKnownFileType = sourcecode.swift; path = GenericProblems.swift; sourceTree = "<group>"; };
		AA7EE02C1C4A2EC2005615CF /* Ranking.swift */ = {isa = PBXFileReference; fileEncoding = 4; lastKnownFileType = sourcecode.swift; path = Ranking.swift; sourceTree = "<group>"; };
		AA7EE0361C4B358D005615CF /* NSGA-II-Tests.xctest */ = {isa = PBXFileReference; explicitFileType = wrapper.cfbundle; includeInIndex = 0; path = "NSGA-II-Tests.xctest"; sourceTree = BUILT_PRODUCTS_DIR; };
		AA7EE0381C4B358D005615CF /* RankingTests.swift */ = {isa = PBXFileReference; fileEncoding = 4; lastKnownFileType = sourcecode.swift; path = RankingTests.swift; sourceTree = "<group>"; };
		AA7EE03A1C4B358D005615CF /* Info.plist */ = {isa = PBXFileReference; lastKnownFileType = text.plist.xml; path = Info.plist; sourceTree = "<group>"; };
		AA7EE0431C4B68C1005615CF /* CrowdingTests.swift */ = {isa = PBXFileReference; fileEncoding = 4; lastKnownFileType = sourcecode.swift; path = CrowdingTests.swift; sourceTree = "<group>"; };
		AA7EE0451C4B6E16005615CF /* Crowding.swift */ = {isa = PBXFileReference; fileEncoding = 4; lastKnownFileType = sourcecode.swift; path = Crowding.swift; sourceTree = "<group>"; };
		AA7EE0481C4DC6BB005615CF /* Fill.swift */ = {isa = PBXFileReference; fileEncoding = 4; lastKnownFileType = sourcecode.swift; path = Fill.swift; sourceTree = "<group>"; };
		AA7EE04B1C4DC703005615CF /* FillTests.swift */ = {isa = PBXFileReference; fileEncoding = 4; lastKnownFileType = sourcecode.swift; path = FillTests.swift; sourceTree = "<group>"; };
		AA9B51C11CABBAC00005788F /* WaterProblemOld.swift */ = {isa = PBXFileReference; fileEncoding = 4; lastKnownFileType = sourcecode.swift; path = WaterProblemOld.swift; sourceTree = "<group>"; };
		AA9E91B01CAE43FE003EA262 /* WaterEvaluatorWrapper.swift */ = {isa = PBXFileReference; fileEncoding = 4; lastKnownFileType = sourcecode.swift; path = WaterEvaluatorWrapper.swift; sourceTree = "<group>"; usesTabs = 0; };
		AA9E91B21CB12BEC003EA262 /* Archiver.swift */ = {isa = PBXFileReference; fileEncoding = 4; lastKnownFileType = sourcecode.swift; path = Archiver.swift; sourceTree = "<group>"; };
		AAA6E0BE1CA2C8970098F82A /* SimpleIndividual.swift */ = {isa = PBXFileReference; fileEncoding = 4; lastKnownFileType = sourcecode.swift; path = SimpleIndividual.swift; sourceTree = "<group>"; };
		AAAA75131CBD1ED800BE7504 /* TestAssets.swift */ = {isa = PBXFileReference; fileEncoding = 4; lastKnownFileType = sourcecode.swift; path = TestAssets.swift; sourceTree = "<group>"; };
		AAAA75151CBD23C800BE7504 /* PerformanceTests.swift */ = {isa = PBXFileReference; fileEncoding = 4; lastKnownFileType = sourcecode.swift; path = PerformanceTests.swift; sourceTree = "<group>"; };
		AAAB8DE51C8AEE56006245F2 /* GenericIndividual.swift */ = {isa = PBXFileReference; fileEncoding = 4; lastKnownFileType = sourcecode.swift; path = GenericIndividual.swift; sourceTree = "<group>"; };
		AAB95CFC1C8089FD00D0F466 /* Package.swift */ = {isa = PBXFileReference; fileEncoding = 4; lastKnownFileType = sourcecode.swift; path = Package.swift; sourceTree = SOURCE_ROOT; };
		AAB95D271C80906F00D0F466 /* WaterProblem.swift */ = {isa = PBXFileReference; fileEncoding = 4; lastKnownFileType = sourcecode.swift; path = WaterProblem.swift; sourceTree = "<group>"; };
		AAB95D2A1C80908500D0F466 /* Misc.swift */ = {isa = PBXFileReference; fileEncoding = 4; lastKnownFileType = sourcecode.swift; name = Misc.swift; path = Source/Misc.swift; sourceTree = SOURCE_ROOT; };
		AAB95D2B1C80908500D0F466 /* Random.swift */ = {isa = PBXFileReference; fileEncoding = 4; lastKnownFileType = sourcecode.swift; name = Random.swift; path = Source/Random.swift; sourceTree = SOURCE_ROOT; };
		AAC8AEFF1CE2169F00C4BD7C /* common.h */ = {isa = PBXFileReference; fileEncoding = 4; lastKnownFileType = sourcecode.c.h; path = common.h; sourceTree = "<group>"; };
		AAC8AF001CE2169F00C4BD7C /* constraints.c */ = {isa = PBXFileReference; fileEncoding = 4; lastKnownFileType = sourcecode.c.c; path = constraints.c; sourceTree = "<group>"; };
		AAC8AF011CE2169F00C4BD7C /* constraints.h */ = {isa = PBXFileReference; fileEncoding = 4; lastKnownFileType = sourcecode.c.h; path = constraints.h; sourceTree = "<group>"; };
		AAC8AF021CE2169F00C4BD7C /* evaluator.c */ = {isa = PBXFileReference; fileEncoding = 4; lastKnownFileType = sourcecode.c.c; path = evaluator.c; sourceTree = "<group>"; };
		AAC8AF031CE2169F00C4BD7C /* evaluator.h */ = {isa = PBXFileReference; fileEncoding = 4; lastKnownFileType = sourcecode.c.h; path = evaluator.h; sourceTree = "<group>"; };
		AAC8AF051CE2169F00C4BD7C /* mh_misc.c */ = {isa = PBXFileReference; fileEncoding = 4; lastKnownFileType = sourcecode.c.c; path = mh_misc.c; sourceTree = "<group>"; };
		AAC8AF061CE2169F00C4BD7C /* mh_misc.h */ = {isa = PBXFileReference; fileEncoding = 4; lastKnownFileType = sourcecode.c.h; path = mh_misc.h; sourceTree = "<group>"; };
		AAC8AF071CE2169F00C4BD7C /* misc.c */ = {isa = PBXFileReference; fileEncoding = 4; lastKnownFileType = sourcecode.c.c; path = misc.c; sourceTree = "<group>"; };
		AAC8AF081CE2169F00C4BD7C /* misc.h */ = {isa = PBXFileReference; fileEncoding = 4; lastKnownFileType = sourcecode.c.h; path = misc.h; sourceTree = "<group>"; };
		AAC8AF0A1CE2169F00C4BD7C /* objectives.c */ = {isa = PBXFileReference; fileEncoding = 4; lastKnownFileType = sourcecode.c.c; path = objectives.c; sourceTree = "<group>"; };
		AAC8AF0B1CE2169F00C4BD7C /* objectives.h */ = {isa = PBXFileReference; fileEncoding = 4; lastKnownFileType = sourcecode.c.h; path = objectives.h; sourceTree = "<group>"; };
		AAC8AF121CE2173E00C4BD7C /* NSGA-II-Bridging-Header.h */ = {isa = PBXFileReference; lastKnownFileType = sourcecode.c.h; path = "NSGA-II-Bridging-Header.h"; sourceTree = "<group>"; };
		AAC8AF201CE2318000C4BD7C /* FileHelper.swift */ = {isa = PBXFileReference; fileEncoding = 4; lastKnownFileType = sourcecode.swift; name = FileHelper.swift; path = Source/FileHelper.swift; sourceTree = SOURCE_ROOT; };
		AAFBABD91C57B4D1006D8925 /* MutationTests.swift */ = {isa = PBXFileReference; fileEncoding = 4; lastKnownFileType = sourcecode.swift; path = MutationTests.swift; sourceTree = "<group>"; };
/* End PBXFileReference section */

/* Begin PBXFrameworksBuildPhase section */
		AA32A6301C32997700035F84 /* Frameworks */ = {
			isa = PBXFrameworksBuildPhase;
			buildActionMask = 2147483647;
			files = (
			);
			runOnlyForDeploymentPostprocessing = 0;
		};
		AA7EE0331C4B358D005615CF /* Frameworks */ = {
			isa = PBXFrameworksBuildPhase;
			buildActionMask = 2147483647;
			files = (
			);
			runOnlyForDeploymentPostprocessing = 0;
		};
/* End PBXFrameworksBuildPhase section */

/* Begin PBXGroup section */
		AA06F25B1C658EAF00CC6774 /* Problems */ = {
			isa = PBXGroup;
			children = (
				AA4F135C1C4A11A300BA35AC /* GenericProblems.swift */,
				AAB95D271C80906F00D0F466 /* WaterProblem.swift */,
				AA9B51C11CABBAC00005788F /* WaterProblemOld.swift */,
				AA9E91B01CAE43FE003EA262 /* WaterEvaluatorWrapper.swift */,
				AAC8AF121CE2173E00C4BD7C /* NSGA-II-Bridging-Header.h */,
				AAC8AEFE1CE2169F00C4BD7C /* CWaterEvaluator */,
			);
			name = Problems;
			sourceTree = "<group>";
		};
		AA06F25C1C658F2700CC6774 /* Components */ = {
			isa = PBXGroup;
			children = (
				AA7EE02C1C4A2EC2005615CF /* Ranking.swift */,
				AA9E91B21CB12BEC003EA262 /* Archiver.swift */,
				AA7EE0451C4B6E16005615CF /* Crowding.swift */,
				AA43E22D1C55F65900554E04 /* Tournament.swift */,
				AA43E2301C57112900554E04 /* Crossover.swift */,
				AA05BFF61C5B98AF00B27A79 /* Offspring.swift */,
				AA7EE0481C4DC6BB005615CF /* Fill.swift */,
				AA43E2351C5751E700554E04 /* Mutation.swift */,
			);
			name = Components;
			sourceTree = "<group>";
		};
		AA06F25D1C658F3F00CC6774 /* NSGA-II-Engine */ = {
			isa = PBXGroup;
			children = (
				AA32A6401C329A6700035F84 /* NSGA-II.swift */,
				AA05BFF81C5CDCC000B27A79 /* Configuration.swift */,
				AAAB8DE51C8AEE56006245F2 /* GenericIndividual.swift */,
				AAA6E0BE1CA2C8970098F82A /* SimpleIndividual.swift */,
			);
			name = "NSGA-II-Engine";
			sourceTree = "<group>";
		};
		AA32A62A1C32997600035F84 = {
			isa = PBXGroup;
			children = (
				AA32A63D1C3299B300035F84 /* Source */,
				AA7EE0371C4B358D005615CF /* NSGA-II-Tests */,
				AA32A6341C32997700035F84 /* Products */,
			);
			sourceTree = "<group>";
		};
		AA32A6341C32997700035F84 /* Products */ = {
			isa = PBXGroup;
			children = (
				AA32A6331C32997700035F84 /* NSGA-II */,
				AA7EE0361C4B358D005615CF /* NSGA-II-Tests.xctest */,
			);
			name = Products;
			sourceTree = "<group>";
		};
		AA32A63D1C3299B300035F84 /* Source */ = {
			isa = PBXGroup;
			children = (
				AA32A63E1C3299B300035F84 /* main.swift */,
				AAB95CFC1C8089FD00D0F466 /* Package.swift */,
				AA06F25D1C658F3F00CC6774 /* NSGA-II-Engine */,
				AA06F25B1C658EAF00CC6774 /* Problems */,
				AA06F25C1C658F2700CC6774 /* Components */,
				AA43E21F1C55E0A700554E04 /* Misc */,
			);
			path = Source;
			sourceTree = "<group>";
		};
		AA43E21F1C55E0A700554E04 /* Misc */ = {
			isa = PBXGroup;
			children = (
				AAB95D2A1C80908500D0F466 /* Misc.swift */,
				AAC8AF201CE2318000C4BD7C /* FileHelper.swift */,
				AAB95D2B1C80908500D0F466 /* Random.swift */,
			);
			path = Misc;
			sourceTree = "<group>";
		};
		AA7EE0371C4B358D005615CF /* NSGA-II-Tests */ = {
			isa = PBXGroup;
			children = (
				AA7EE0381C4B358D005615CF /* RankingTests.swift */,
				AAAA75151CBD23C800BE7504 /* PerformanceTests.swift */,
				AA7EE04B1C4DC703005615CF /* FillTests.swift */,
				AA43E22B1C55F2E700554E04 /* CrossoverTests.swift */,
				AAFBABD91C57B4D1006D8925 /* MutationTests.swift */,
				AA43E2331C57499000554E04 /* TournamentTests.swift */,
				AA7EE0431C4B68C1005615CF /* CrowdingTests.swift */,
				AAAA75131CBD1ED800BE7504 /* TestAssets.swift */,
				AA7EE03A1C4B358D005615CF /* Info.plist */,
			);
			path = "NSGA-II-Tests";
			sourceTree = "<group>";
		};
		AAC8AEFE1CE2169F00C4BD7C /* CWaterEvaluator */ = {
			isa = PBXGroup;
			children = (
				AAC8AEFF1CE2169F00C4BD7C /* common.h */,
				AAC8AF001CE2169F00C4BD7C /* constraints.c */,
				AAC8AF011CE2169F00C4BD7C /* constraints.h */,
				AAC8AF021CE2169F00C4BD7C /* evaluator.c */,
				AAC8AF031CE2169F00C4BD7C /* evaluator.h */,
				AAC8AF051CE2169F00C4BD7C /* mh_misc.c */,
				AAC8AF061CE2169F00C4BD7C /* mh_misc.h */,
				AAC8AF071CE2169F00C4BD7C /* misc.c */,
				AAC8AF081CE2169F00C4BD7C /* misc.h */,
				AAC8AF0A1CE2169F00C4BD7C /* objectives.c */,
				AAC8AF0B1CE2169F00C4BD7C /* objectives.h */,
			);
			path = CWaterEvaluator;
			sourceTree = "<group>";
		};
/* End PBXGroup section */

/* Begin PBXNativeTarget section */
		AA32A6321C32997700035F84 /* NSGA-II */ = {
			isa = PBXNativeTarget;
			buildConfigurationList = AA32A63A1C32997700035F84 /* Build configuration list for PBXNativeTarget "NSGA-II" */;
			buildPhases = (
				AA32A62F1C32997700035F84 /* Sources */,
				AA32A6301C32997700035F84 /* Frameworks */,
				AA32A6311C32997700035F84 /* CopyFiles */,
				AA7EE0511C4FAE85005615CF /* ShellScript */,
			);
			buildRules = (
			);
			dependencies = (
			);
			name = "NSGA-II";
			productName = "NSGA-II";
			productReference = AA32A6331C32997700035F84 /* NSGA-II */;
			productType = "com.apple.product-type.tool";
		};
		AA7EE0351C4B358D005615CF /* NSGA-II-Tests */ = {
			isa = PBXNativeTarget;
			buildConfigurationList = AA7EE03B1C4B358D005615CF /* Build configuration list for PBXNativeTarget "NSGA-II-Tests" */;
			buildPhases = (
				AA7EE0321C4B358D005615CF /* Sources */,
				AA7EE0331C4B358D005615CF /* Frameworks */,
				AA7EE0341C4B358D005615CF /* Resources */,
			);
			buildRules = (
			);
			dependencies = (
			);
			name = "NSGA-II-Tests";
			productName = "NSGA-II-Tests";
			productReference = AA7EE0361C4B358D005615CF /* NSGA-II-Tests.xctest */;
			productType = "com.apple.product-type.bundle.unit-test";
		};
/* End PBXNativeTarget section */

/* Begin PBXProject section */
		AA32A62B1C32997700035F84 /* Project object */ = {
			isa = PBXProject;
			attributes = {
				LastSwiftUpdateCheck = 0730;
				LastUpgradeCheck = 0720;
				ORGANIZATIONNAME = "Ethan Jackwitz";
				TargetAttributes = {
					AA32A6321C32997700035F84 = {
						CreatedOnToolsVersion = 7.2;
					};
					AA7EE0351C4B358D005615CF = {
						CreatedOnToolsVersion = 7.2;
					};
				};
			};
			buildConfigurationList = AA32A62E1C32997700035F84 /* Build configuration list for PBXProject "NSGA-II" */;
			compatibilityVersion = "Xcode 3.2";
			developmentRegion = English;
			hasScannedForEncodings = 0;
			knownRegions = (
				en,
			);
			mainGroup = AA32A62A1C32997600035F84;
			productRefGroup = AA32A6341C32997700035F84 /* Products */;
			projectDirPath = "";
			projectRoot = "";
			targets = (
				AA32A6321C32997700035F84 /* NSGA-II */,
				AA7EE0351C4B358D005615CF /* NSGA-II-Tests */,
			);
		};
/* End PBXProject section */

/* Begin PBXResourcesBuildPhase section */
		AA7EE0341C4B358D005615CF /* Resources */ = {
			isa = PBXResourcesBuildPhase;
			buildActionMask = 2147483647;
			files = (
			);
			runOnlyForDeploymentPostprocessing = 0;
		};
/* End PBXResourcesBuildPhase section */

/* Begin PBXShellScriptBuildPhase section */
		AA7EE0511C4FAE85005615CF /* ShellScript */ = {
			isa = PBXShellScriptBuildPhase;
			buildActionMask = 2147483647;
			files = (
			);
			inputPaths = (
			);
			outputPaths = (
			);
			runOnlyForDeploymentPostprocessing = 0;
			shellPath = /bin/sh;
			shellScript = "# Change shell script\ndefaults write io.github.norio-nomura.ExtraBuildPhase shellScript -string '\nif which swiftlint >/dev/null; then\nswiftlint lint --use-script-input-files --config ~/.swiftlint.yml 2>/dev/null\nfi\nexit 0 # ignore result of swiftlint\n'\n# Changes will be applied after \"Product > Clean⇧⌘K\"\n\n# Show environment variables in build log\ndefaults write io.github.norio-nomura.ExtraBuildPhase showEnvVarsInLog -bool true\n\n# Run shell script not only on Xcode, but also xcodebuild.\ndefaults write io.github.norio-nomura.ExtraBuildPhase isNotLimitedToXcode -bool true\n";
		};
/* End PBXShellScriptBuildPhase section */

/* Begin PBXSourcesBuildPhase section */
		AA32A62F1C32997700035F84 /* Sources */ = {
			isa = PBXSourcesBuildPhase;
			buildActionMask = 2147483647;
			files = (
				AAC8AF141CE2178800C4BD7C /* constraints.c in Sources */,
				AAC8AF161CE2178800C4BD7C /* evaluator.c in Sources */,
				AAC8AF181CE2178800C4BD7C /* mh_misc.c in Sources */,
				AAC8AF1A1CE2178800C4BD7C /* misc.c in Sources */,
				AAC8AF1C1CE2178800C4BD7C /* objectives.c in Sources */,
				AAAA751C1CBD272D00BE7504 /* Crowding.swift in Sources */,
				AA32A6411C329A6700035F84 /* NSGA-II.swift in Sources */,
				AAAA751D1CBD272D00BE7504 /* Tournament.swift in Sources */,
				AAB95D2C1C80908500D0F466 /* Misc.swift in Sources */,
				AAB95D281C80906F00D0F466 /* WaterProblem.swift in Sources */,
				AAAA751B1CBD272D00BE7504 /* Archiver.swift in Sources */,
				AA32A63F1C3299BD00035F84 /* main.swift in Sources */,
				AAA6E0BF1CA2C8970098F82A /* SimpleIndividual.swift in Sources */,
				AAAA75211CBD272D00BE7504 /* Mutation.swift in Sources */,
				AAC8AF221CE2337C00C4BD7C /* FileHelper.swift in Sources */,
				AAAA751A1CBD272D00BE7504 /* Ranking.swift in Sources */,
				AAAA751E1CBD272D00BE7504 /* Crossover.swift in Sources */,
				AAAA75201CBD272D00BE7504 /* Fill.swift in Sources */,
				AAB95D2E1C80908500D0F466 /* Random.swift in Sources */,
				AA05BFF91C5CDCC000B27A79 /* Configuration.swift in Sources */,
				AA9E91B11CAE43FE003EA262 /* WaterEvaluatorWrapper.swift in Sources */,
				AAAB8DE61C8AEE56006245F2 /* GenericIndividual.swift in Sources */,
				AA4F135D1C4A11A300BA35AC /* GenericProblems.swift in Sources */,
				AAAA751F1CBD272D00BE7504 /* Offspring.swift in Sources */,
				AA9B51C21CABBAC00005788F /* WaterProblemOld.swift in Sources */,
			);
			runOnlyForDeploymentPostprocessing = 0;
		};
		AA7EE0321C4B358D005615CF /* Sources */ = {
			isa = PBXSourcesBuildPhase;
			buildActionMask = 2147483647;
			files = (
				AAAA752D1CBD27A500BE7504 /* Fill.swift in Sources */,
				AA43E22C1C55F2E700554E04 /* CrossoverTests.swift in Sources */,
				AAC8AF0F1CE2169F00C4BD7C /* mh_misc.c in Sources */,
				AA7EE0441C4B68C1005615CF /* CrowdingTests.swift in Sources */,
				AAAA75241CBD279C00BE7504 /* GenericIndividual.swift in Sources */,
				AA7EE0391C4B358D005615CF /* RankingTests.swift in Sources */,
				AAC8AF0D1CE2169F00C4BD7C /* evaluator.c in Sources */,
				AAC8AF101CE2169F00C4BD7C /* misc.c in Sources */,
				AAAA752F1CBD27AB00BE7504 /* Misc.swift in Sources */,
				AAC8AF0C1CE2169F00C4BD7C /* constraints.c in Sources */,
				AAC8AF111CE2169F00C4BD7C /* objectives.c in Sources */,
				AAAA75251CBD279C00BE7504 /* SimpleIndividual.swift in Sources */,
				AAAA752C1CBD27A500BE7504 /* Offspring.swift in Sources */,
				AAAA75281CBD27A500BE7504 /* Archiver.swift in Sources */,
				AAAA75291CBD27A500BE7504 /* Crowding.swift in Sources */,
				AAFBABDA1C57B4D1006D8925 /* MutationTests.swift in Sources */,
				AAAA752E1CBD27A500BE7504 /* Mutation.swift in Sources */,
				AAAA752B1CBD27A500BE7504 /* Crossover.swift in Sources */,
				AA43E2341C57499000554E04 /* TournamentTests.swift in Sources */,
				AAAA75161CBD23C800BE7504 /* PerformanceTests.swift in Sources */,
				AAAA75231CBD279C00BE7504 /* Configuration.swift in Sources */,
				AA7EE04D1C4DC703005615CF /* FillTests.swift in Sources */,
				AAAA75271CBD27A500BE7504 /* Ranking.swift in Sources */,
				AAAA75141CBD1ED800BE7504 /* TestAssets.swift in Sources */,
				AAAA75261CBD279F00BE7504 /* GenericProblems.swift in Sources */,
				AAAA75301CBD27AB00BE7504 /* Random.swift in Sources */,
				AAAA75221CBD279C00BE7504 /* NSGA-II.swift in Sources */,
				AAAA752A1CBD27A500BE7504 /* Tournament.swift in Sources */,
			);
			runOnlyForDeploymentPostprocessing = 0;
		};
/* End PBXSourcesBuildPhase section */

/* Begin XCBuildConfiguration section */
		AA32A6381C32997700035F84 /* Debug */ = {
			isa = XCBuildConfiguration;
			buildSettings = {
				ALWAYS_SEARCH_USER_PATHS = NO;
				CLANG_CXX_LANGUAGE_STANDARD = "gnu++0x";
				CLANG_CXX_LIBRARY = "libc++";
				CLANG_ENABLE_MODULES = YES;
				CLANG_ENABLE_OBJC_ARC = YES;
				CLANG_WARN_BOOL_CONVERSION = YES;
				CLANG_WARN_CONSTANT_CONVERSION = YES;
				CLANG_WARN_DIRECT_OBJC_ISA_USAGE = YES_ERROR;
				CLANG_WARN_EMPTY_BODY = YES;
				CLANG_WARN_ENUM_CONVERSION = YES;
				CLANG_WARN_INT_CONVERSION = YES;
				CLANG_WARN_OBJC_ROOT_CLASS = YES_ERROR;
				CLANG_WARN_UNREACHABLE_CODE = YES;
				CLANG_WARN__DUPLICATE_METHOD_MATCH = YES;
				CODE_SIGN_IDENTITY = "-";
				COPY_PHASE_STRIP = NO;
				DEBUG_INFORMATION_FORMAT = dwarf;
				ENABLE_STRICT_OBJC_MSGSEND = YES;
				ENABLE_TESTABILITY = YES;
				GCC_C_LANGUAGE_STANDARD = gnu99;
				GCC_DYNAMIC_NO_PIC = NO;
				GCC_NO_COMMON_BLOCKS = YES;
				GCC_OPTIMIZATION_LEVEL = 0;
				GCC_PREPROCESSOR_DEFINITIONS = (
					"DEBUG=1",
					"$(inherited)",
				);
				GCC_WARN_64_TO_32_BIT_CONVERSION = YES;
				GCC_WARN_ABOUT_RETURN_TYPE = YES_ERROR;
				GCC_WARN_UNDECLARED_SELECTOR = YES;
				GCC_WARN_UNINITIALIZED_AUTOS = YES_AGGRESSIVE;
				GCC_WARN_UNUSED_FUNCTION = YES;
				GCC_WARN_UNUSED_VARIABLE = YES;
				MACOSX_DEPLOYMENT_TARGET = 10.11;
				MTL_ENABLE_DEBUG_INFO = YES;
				ONLY_ACTIVE_ARCH = YES;
				SDKROOT = macosx;
				SWIFT_OPTIMIZATION_LEVEL = "-Onone";
			};
			name = Debug;
		};
		AA32A6391C32997700035F84 /* Release */ = {
			isa = XCBuildConfiguration;
			buildSettings = {
				ALWAYS_SEARCH_USER_PATHS = NO;
				CLANG_CXX_LANGUAGE_STANDARD = "gnu++0x";
				CLANG_CXX_LIBRARY = "libc++";
				CLANG_ENABLE_MODULES = YES;
				CLANG_ENABLE_OBJC_ARC = YES;
				CLANG_WARN_BOOL_CONVERSION = YES;
				CLANG_WARN_CONSTANT_CONVERSION = YES;
				CLANG_WARN_DIRECT_OBJC_ISA_USAGE = YES_ERROR;
				CLANG_WARN_EMPTY_BODY = YES;
				CLANG_WARN_ENUM_CONVERSION = YES;
				CLANG_WARN_INT_CONVERSION = YES;
				CLANG_WARN_OBJC_ROOT_CLASS = YES_ERROR;
				CLANG_WARN_UNREACHABLE_CODE = YES;
				CLANG_WARN__DUPLICATE_METHOD_MATCH = YES;
				CODE_SIGN_IDENTITY = "-";
				COPY_PHASE_STRIP = NO;
				DEBUG_INFORMATION_FORMAT = "dwarf-with-dsym";
				ENABLE_NS_ASSERTIONS = NO;
				ENABLE_STRICT_OBJC_MSGSEND = YES;
				GCC_C_LANGUAGE_STANDARD = gnu99;
				GCC_NO_COMMON_BLOCKS = YES;
				GCC_WARN_64_TO_32_BIT_CONVERSION = YES;
				GCC_WARN_ABOUT_RETURN_TYPE = YES_ERROR;
				GCC_WARN_UNDECLARED_SELECTOR = YES;
				GCC_WARN_UNINITIALIZED_AUTOS = YES_AGGRESSIVE;
				GCC_WARN_UNUSED_FUNCTION = YES;
				GCC_WARN_UNUSED_VARIABLE = YES;
				MACOSX_DEPLOYMENT_TARGET = 10.11;
				MTL_ENABLE_DEBUG_INFO = NO;
				SDKROOT = macosx;
			};
			name = Release;
		};
		AA32A63B1C32997700035F84 /* Debug */ = {
			isa = XCBuildConfiguration;
			buildSettings = {
				CLANG_ENABLE_MODULES = YES;
				GCC_PREPROCESSOR_DEFINITIONS = "";
				LD_RUNPATH_SEARCH_PATHS = "$(inherited) @executable_path/../Frameworks @loader_path/../Frameworks";
				OTHER_SWIFT_FLAGS = "-D DEBUG";
				PRODUCT_NAME = "$(TARGET_NAME)";
				SWIFT_OBJC_BRIDGING_HEADER = "Source/NSGA-II-Bridging-Header.h";
				SWIFT_OPTIMIZATION_LEVEL = "-Onone";
			};
			name = Debug;
		};
		AA32A63C1C32997700035F84 /* Release */ = {
			isa = XCBuildConfiguration;
			buildSettings = {
				CLANG_ENABLE_MODULES = YES;
				GCC_OPTIMIZATION_LEVEL = s;
				LD_RUNPATH_SEARCH_PATHS = "$(inherited) @executable_path/../Frameworks @loader_path/../Frameworks";
				OTHER_SWIFT_FLAGS = "";
				PRODUCT_NAME = "$(TARGET_NAME)";
				SWIFT_OBJC_BRIDGING_HEADER = "Source/NSGA-II-Bridging-Header.h";
			};
			name = Release;
		};
		AA7EE03C1C4B358D005615CF /* Debug */ = {
			isa = XCBuildConfiguration;
			buildSettings = {
				COMBINE_HIDPI_IMAGES = YES;
				INFOPLIST_FILE = "NSGA-II-Tests/Info.plist";
				LD_RUNPATH_SEARCH_PATHS = "$(inherited) @executable_path/../Frameworks @loader_path/../Frameworks";
				PRODUCT_BUNDLE_IDENTIFIER = "com.ejackwitz.NSGA-II-Tests";
				PRODUCT_NAME = "$(TARGET_NAME)";
			};
			name = Debug;
		};
		AA7EE03D1C4B358D005615CF /* Release */ = {
			isa = XCBuildConfiguration;
			buildSettings = {
				COMBINE_HIDPI_IMAGES = YES;
				INFOPLIST_FILE = "NSGA-II-Tests/Info.plist";
				LD_RUNPATH_SEARCH_PATHS = "$(inherited) @executable_path/../Frameworks @loader_path/../Frameworks";
				PRODUCT_BUNDLE_IDENTIFIER = "com.ejackwitz.NSGA-II-Tests";
				PRODUCT_NAME = "$(TARGET_NAME)";
			};
			name = Release;
		};
/* End XCBuildConfiguration section */

/* Begin XCConfigurationList section */
		AA32A62E1C32997700035F84 /* Build configuration list for PBXProject "NSGA-II" */ = {
			isa = XCConfigurationList;
			buildConfigurations = (
				AA32A6381C32997700035F84 /* Debug */,
				AA32A6391C32997700035F84 /* Release */,
			);
			defaultConfigurationIsVisible = 0;
			defaultConfigurationName = Release;
		};
		AA32A63A1C32997700035F84 /* Build configuration list for PBXNativeTarget "NSGA-II" */ = {
			isa = XCConfigurationList;
			buildConfigurations = (
				AA32A63B1C32997700035F84 /* Debug */,
				AA32A63C1C32997700035F84 /* Release */,
			);
			defaultConfigurationIsVisible = 0;
			defaultConfigurationName = Release;
		};
		AA7EE03B1C4B358D005615CF /* Build configuration list for PBXNativeTarget "NSGA-II-Tests" */ = {
			isa = XCConfigurationList;
			buildConfigurations = (
				AA7EE03C1C4B358D005615CF /* Debug */,
				AA7EE03D1C4B358D005615CF /* Release */,
			);
			defaultConfigurationIsVisible = 0;
			defaultConfigurationName = Release;
		};
/* End XCConfigurationList section */
	};
	rootObject = AA32A62B1C32997700035F84 /* Project object */;
}
