// !$*UTF8*$!
{
	archiveVersion = 1;
	classes = {
	};
	objectVersion = 46;
	objects = {

/* Begin PBXBuildFile section */
		AA32A63F1C3299BD00035F84 /* main.swift in Sources */ = {isa = PBXBuildFile; fileRef = AA32A63E1C3299B300035F84 /* main.swift */; };
		AA32A6411C329A6700035F84 /* NSGA-II.swift in Sources */ = {isa = PBXBuildFile; fileRef = AA32A6401C329A6700035F84 /* NSGA-II.swift */; };
		AA32A6431C329E6800035F84 /* Random.swift in Sources */ = {isa = PBXBuildFile; fileRef = AA32A6421C329E6800035F84 /* Random.swift */; };
		AA32A6451C32A57E00035F84 /* Misc.swift in Sources */ = {isa = PBXBuildFile; fileRef = AA32A6441C32A57E00035F84 /* Misc.swift */; };
		AA4F135D1C4A11A300BA35AC /* ProblemDescription.swift in Sources */ = {isa = PBXBuildFile; fileRef = AA4F135C1C4A11A300BA35AC /* ProblemDescription.swift */; };
		AA4F135F1C4A277900BA35AC /* Evaluator.swift in Sources */ = {isa = PBXBuildFile; fileRef = AA4F135E1C4A277900BA35AC /* Evaluator.swift */; };
		AA7EE02D1C4A2EC2005615CF /* Ranking.swift in Sources */ = {isa = PBXBuildFile; fileRef = AA7EE02C1C4A2EC2005615CF /* Ranking.swift */; };
		AA7EE02F1C4A35C7005615CF /* Dominance.swift in Sources */ = {isa = PBXBuildFile; fileRef = AA7EE02E1C4A35C7005615CF /* Dominance.swift */; };
		AA7EE0391C4B358D005615CF /* RankingTests.swift in Sources */ = {isa = PBXBuildFile; fileRef = AA7EE0381C4B358D005615CF /* RankingTests.swift */; };
		AA7EE03E1C4B360B005615CF /* Ranking.swift in Sources */ = {isa = PBXBuildFile; fileRef = AA7EE02C1C4A2EC2005615CF /* Ranking.swift */; };
		AA7EE03F1C4B3611005615CF /* NSGA-II.swift in Sources */ = {isa = PBXBuildFile; fileRef = AA32A6401C329A6700035F84 /* NSGA-II.swift */; };
		AA7EE0401C4B361A005615CF /* Random.swift in Sources */ = {isa = PBXBuildFile; fileRef = AA32A6421C329E6800035F84 /* Random.swift */; };
		AA7EE0411C4B361D005615CF /* Misc.swift in Sources */ = {isa = PBXBuildFile; fileRef = AA32A6441C32A57E00035F84 /* Misc.swift */; };
		AA7EE0421C4B3624005615CF /* Dominance.swift in Sources */ = {isa = PBXBuildFile; fileRef = AA7EE02E1C4A35C7005615CF /* Dominance.swift */; };
		AA7EE0441C4B68C1005615CF /* CrowdingTests.swift in Sources */ = {isa = PBXBuildFile; fileRef = AA7EE0431C4B68C1005615CF /* CrowdingTests.swift */; };
		AA7EE0461C4B6E16005615CF /* Crowding.swift in Sources */ = {isa = PBXBuildFile; fileRef = AA7EE0451C4B6E16005615CF /* Crowding.swift */; };
		AA7EE0471C4B6E16005615CF /* Crowding.swift in Sources */ = {isa = PBXBuildFile; fileRef = AA7EE0451C4B6E16005615CF /* Crowding.swift */; };
/* End PBXBuildFile section */

/* Begin PBXCopyFilesBuildPhase section */
		AA32A6311C32997700035F84 /* CopyFiles */ = {
			isa = PBXCopyFilesBuildPhase;
			buildActionMask = 2147483647;
			dstPath = /usr/share/man/man1/;
			dstSubfolderSpec = 0;
			files = (
			);
			runOnlyForDeploymentPostprocessing = 1;
		};
/* End PBXCopyFilesBuildPhase section */

/* Begin PBXFileReference section */
		AA32A6331C32997700035F84 /* NSGA-II */ = {isa = PBXFileReference; explicitFileType = "compiled.mach-o.executable"; includeInIndex = 0; path = "NSGA-II"; sourceTree = BUILT_PRODUCTS_DIR; };
		AA32A63E1C3299B300035F84 /* main.swift */ = {isa = PBXFileReference; lastKnownFileType = sourcecode.swift; path = main.swift; sourceTree = "<group>"; };
		AA32A6401C329A6700035F84 /* NSGA-II.swift */ = {isa = PBXFileReference; fileEncoding = 4; lastKnownFileType = sourcecode.swift; path = "NSGA-II.swift"; sourceTree = "<group>"; };
		AA32A6421C329E6800035F84 /* Random.swift */ = {isa = PBXFileReference; fileEncoding = 4; lastKnownFileType = sourcecode.swift; path = Random.swift; sourceTree = "<group>"; };
		AA32A6441C32A57E00035F84 /* Misc.swift */ = {isa = PBXFileReference; fileEncoding = 4; lastKnownFileType = sourcecode.swift; path = Misc.swift; sourceTree = "<group>"; };
		AA4F135C1C4A11A300BA35AC /* ProblemDescription.swift */ = {isa = PBXFileReference; fileEncoding = 4; lastKnownFileType = sourcecode.swift; path = ProblemDescription.swift; sourceTree = "<group>"; };
		AA4F135E1C4A277900BA35AC /* Evaluator.swift */ = {isa = PBXFileReference; fileEncoding = 4; lastKnownFileType = sourcecode.swift; path = Evaluator.swift; sourceTree = "<group>"; };
		AA7EE02C1C4A2EC2005615CF /* Ranking.swift */ = {isa = PBXFileReference; fileEncoding = 4; lastKnownFileType = sourcecode.swift; path = Ranking.swift; sourceTree = "<group>"; };
		AA7EE02E1C4A35C7005615CF /* Dominance.swift */ = {isa = PBXFileReference; fileEncoding = 4; lastKnownFileType = sourcecode.swift; path = Dominance.swift; sourceTree = "<group>"; };
		AA7EE0361C4B358D005615CF /* NSGA-II-Tests.xctest */ = {isa = PBXFileReference; explicitFileType = wrapper.cfbundle; includeInIndex = 0; path = "NSGA-II-Tests.xctest"; sourceTree = BUILT_PRODUCTS_DIR; };
		AA7EE0381C4B358D005615CF /* RankingTests.swift */ = {isa = PBXFileReference; fileEncoding = 4; lastKnownFileType = sourcecode.swift; path = RankingTests.swift; sourceTree = "<group>"; };
		AA7EE03A1C4B358D005615CF /* Info.plist */ = {isa = PBXFileReference; lastKnownFileType = text.plist.xml; path = Info.plist; sourceTree = "<group>"; };
		AA7EE0431C4B68C1005615CF /* CrowdingTests.swift */ = {isa = PBXFileReference; fileEncoding = 4; lastKnownFileType = sourcecode.swift; path = CrowdingTests.swift; sourceTree = "<group>"; };
		AA7EE0451C4B6E16005615CF /* Crowding.swift */ = {isa = PBXFileReference; fileEncoding = 4; lastKnownFileType = sourcecode.swift; path = Crowding.swift; sourceTree = "<group>"; };
/* End PBXFileReference section */

/* Begin PBXFrameworksBuildPhase section */
		AA32A6301C32997700035F84 /* Frameworks */ = {
			isa = PBXFrameworksBuildPhase;
			buildActionMask = 2147483647;
			files = (
			);
			runOnlyForDeploymentPostprocessing = 0;
		};
		AA7EE0331C4B358D005615CF /* Frameworks */ = {
			isa = PBXFrameworksBuildPhase;
			buildActionMask = 2147483647;
			files = (
			);
			runOnlyForDeploymentPostprocessing = 0;
		};
/* End PBXFrameworksBuildPhase section */

/* Begin PBXGroup section */
		AA32A62A1C32997600035F84 = {
			isa = PBXGroup;
			children = (
				AA32A63D1C3299B300035F84 /* Source */,
				AA7EE0371C4B358D005615CF /* NSGA-II-Tests */,
				AA32A6341C32997700035F84 /* Products */,
			);
			sourceTree = "<group>";
		};
		AA32A6341C32997700035F84 /* Products */ = {
			isa = PBXGroup;
			children = (
				AA32A6331C32997700035F84 /* NSGA-II */,
				AA7EE0361C4B358D005615CF /* NSGA-II-Tests.xctest */,
			);
			name = Products;
			sourceTree = "<group>";
		};
		AA32A63D1C3299B300035F84 /* Source */ = {
			isa = PBXGroup;
			children = (
				AA32A63E1C3299B300035F84 /* main.swift */,
				AA4F135C1C4A11A300BA35AC /* ProblemDescription.swift */,
				AA32A6401C329A6700035F84 /* NSGA-II.swift */,
				AA7EE02C1C4A2EC2005615CF /* Ranking.swift */,
				AA7EE02E1C4A35C7005615CF /* Dominance.swift */,
				AA7EE0451C4B6E16005615CF /* Crowding.swift */,
				AA4F135E1C4A277900BA35AC /* Evaluator.swift */,
				AA32A6421C329E6800035F84 /* Random.swift */,
				AA32A6441C32A57E00035F84 /* Misc.swift */,
			);
			path = Source;
			sourceTree = "<group>";
		};
		AA7EE0371C4B358D005615CF /* NSGA-II-Tests */ = {
			isa = PBXGroup;
			children = (
				AA7EE0381C4B358D005615CF /* RankingTests.swift */,
				AA7EE0431C4B68C1005615CF /* CrowdingTests.swift */,
				AA7EE03A1C4B358D005615CF /* Info.plist */,
			);
			path = "NSGA-II-Tests";
			sourceTree = "<group>";
		};
/* End PBXGroup section */

/* Begin PBXNativeTarget section */
		AA32A6321C32997700035F84 /* NSGA-II */ = {
			isa = PBXNativeTarget;
			buildConfigurationList = AA32A63A1C32997700035F84 /* Build configuration list for PBXNativeTarget "NSGA-II" */;
			buildPhases = (
				AA32A62F1C32997700035F84 /* Sources */,
				AA32A6301C32997700035F84 /* Frameworks */,
				AA32A6311C32997700035F84 /* CopyFiles */,
			);
			buildRules = (
			);
			dependencies = (
			);
			name = "NSGA-II";
			productName = "NSGA-II";
			productReference = AA32A6331C32997700035F84 /* NSGA-II */;
			productType = "com.apple.product-type.tool";
		};
		AA7EE0351C4B358D005615CF /* NSGA-II-Tests */ = {
			isa = PBXNativeTarget;
			buildConfigurationList = AA7EE03B1C4B358D005615CF /* Build configuration list for PBXNativeTarget "NSGA-II-Tests" */;
			buildPhases = (
				AA7EE0321C4B358D005615CF /* Sources */,
				AA7EE0331C4B358D005615CF /* Frameworks */,
				AA7EE0341C4B358D005615CF /* Resources */,
			);
			buildRules = (
			);
			dependencies = (
			);
			name = "NSGA-II-Tests";
			productName = "NSGA-II-Tests";
			productReference = AA7EE0361C4B358D005615CF /* NSGA-II-Tests.xctest */;
			productType = "com.apple.product-type.bundle.unit-test";
		};
/* End PBXNativeTarget section */

/* Begin PBXProject section */
		AA32A62B1C32997700035F84 /* Project object */ = {
			isa = PBXProject;
			attributes = {
				LastSwiftUpdateCheck = 0720;
				LastUpgradeCheck = 0720;
				ORGANIZATIONNAME = "Ethan Jackwitz";
				TargetAttributes = {
					AA32A6321C32997700035F84 = {
						CreatedOnToolsVersion = 7.2;
					};
					AA7EE0351C4B358D005615CF = {
						CreatedOnToolsVersion = 7.2;
					};
				};
			};
			buildConfigurationList = AA32A62E1C32997700035F84 /* Build configuration list for PBXProject "NSGA-II" */;
			compatibilityVersion = "Xcode 3.2";
			developmentRegion = English;
			hasScannedForEncodings = 0;
			knownRegions = (
				en,
			);
			mainGroup = AA32A62A1C32997600035F84;
			productRefGroup = AA32A6341C32997700035F84 /* Products */;
			projectDirPath = "";
			projectRoot = "";
			targets = (
				AA32A6321C32997700035F84 /* NSGA-II */,
				AA7EE0351C4B358D005615CF /* NSGA-II-Tests */,
			);
		};
/* End PBXProject section */

/* Begin PBXResourcesBuildPhase section */
		AA7EE0341C4B358D005615CF /* Resources */ = {
			isa = PBXResourcesBuildPhase;
			buildActionMask = 2147483647;
			files = (
			);
			runOnlyForDeploymentPostprocessing = 0;
		};
/* End PBXResourcesBuildPhase section */

/* Begin PBXSourcesBuildPhase section */
		AA32A62F1C32997700035F84 /* Sources */ = {
			isa = PBXSourcesBuildPhase;
			buildActionMask = 2147483647;
			files = (
				AA7EE02F1C4A35C7005615CF /* Dominance.swift in Sources */,
				AA32A6411C329A6700035F84 /* NSGA-II.swift in Sources */,
				AA32A6451C32A57E00035F84 /* Misc.swift in Sources */,
				AA32A63F1C3299BD00035F84 /* main.swift in Sources */,
				AA7EE02D1C4A2EC2005615CF /* Ranking.swift in Sources */,
				AA32A6431C329E6800035F84 /* Random.swift in Sources */,
				AA7EE0461C4B6E16005615CF /* Crowding.swift in Sources */,
				AA4F135D1C4A11A300BA35AC /* ProblemDescription.swift in Sources */,
				AA4F135F1C4A277900BA35AC /* Evaluator.swift in Sources */,
			);
			runOnlyForDeploymentPostprocessing = 0;
		};
		AA7EE0321C4B358D005615CF /* Sources */ = {
			isa = PBXSourcesBuildPhase;
			buildActionMask = 2147483647;
			files = (
				AA7EE0401C4B361A005615CF /* Random.swift in Sources */,
				AA7EE03E1C4B360B005615CF /* Ranking.swift in Sources */,
				AA7EE0441C4B68C1005615CF /* CrowdingTests.swift in Sources */,
				AA7EE0391C4B358D005615CF /* RankingTests.swift in Sources */,
				AA7EE0411C4B361D005615CF /* Misc.swift in Sources */,
				AA7EE0421C4B3624005615CF /* Dominance.swift in Sources */,
				AA7EE0471C4B6E16005615CF /* Crowding.swift in Sources */,
				AA7EE03F1C4B3611005615CF /* NSGA-II.swift in Sources */,
			);
			runOnlyForDeploymentPostprocessing = 0;
		};
/* End PBXSourcesBuildPhase section */

/* Begin XCBuildConfiguration section */
		AA32A6381C32997700035F84 /* Debug */ = {
			isa = XCBuildConfiguration;
			buildSettings = {
				ALWAYS_SEARCH_USER_PATHS = NO;
				CLANG_CXX_LANGUAGE_STANDARD = "gnu++0x";
				CLANG_CXX_LIBRARY = "libc++";
				CLANG_ENABLE_MODULES = YES;
				CLANG_ENABLE_OBJC_ARC = YES;
				CLANG_WARN_BOOL_CONVERSION = YES;
				CLANG_WARN_CONSTANT_CONVERSION = YES;
				CLANG_WARN_DIRECT_OBJC_ISA_USAGE = YES_ERROR;
				CLANG_WARN_EMPTY_BODY = YES;
				CLANG_WARN_ENUM_CONVERSION = YES;
				CLANG_WARN_INT_CONVERSION = YES;
				CLANG_WARN_OBJC_ROOT_CLASS = YES_ERROR;
				CLANG_WARN_UNREACHABLE_CODE = YES;
				CLANG_WARN__DUPLICATE_METHOD_MATCH = YES;
				CODE_SIGN_IDENTITY = "-";
				COPY_PHASE_STRIP = NO;
				DEBUG_INFORMATION_FORMAT = dwarf;
				ENABLE_STRICT_OBJC_MSGSEND = YES;
				ENABLE_TESTABILITY = YES;
				GCC_C_LANGUAGE_STANDARD = gnu99;
				GCC_DYNAMIC_NO_PIC = NO;
				GCC_NO_COMMON_BLOCKS = YES;
				GCC_OPTIMIZATION_LEVEL = 0;
				GCC_PREPROCESSOR_DEFINITIONS = (
					"DEBUG=1",
					"$(inherited)",
				);
				GCC_WARN_64_TO_32_BIT_CONVERSION = YES;
				GCC_WARN_ABOUT_RETURN_TYPE = YES_ERROR;
				GCC_WARN_UNDECLARED_SELECTOR = YES;
				GCC_WARN_UNINITIALIZED_AUTOS = YES_AGGRESSIVE;
				GCC_WARN_UNUSED_FUNCTION = YES;
				GCC_WARN_UNUSED_VARIABLE = YES;
				MACOSX_DEPLOYMENT_TARGET = 10.11;
				MTL_ENABLE_DEBUG_INFO = YES;
				ONLY_ACTIVE_ARCH = YES;
				SDKROOT = macosx;
				SWIFT_OPTIMIZATION_LEVEL = "-Onone";
			};
			name = Debug;
		};
		AA32A6391C32997700035F84 /* Release */ = {
			isa = XCBuildConfiguration;
			buildSettings = {
				ALWAYS_SEARCH_USER_PATHS = NO;
				CLANG_CXX_LANGUAGE_STANDARD = "gnu++0x";
				CLANG_CXX_LIBRARY = "libc++";
				CLANG_ENABLE_MODULES = YES;
				CLANG_ENABLE_OBJC_ARC = YES;
				CLANG_WARN_BOOL_CONVERSION = YES;
				CLANG_WARN_CONSTANT_CONVERSION = YES;
				CLANG_WARN_DIRECT_OBJC_ISA_USAGE = YES_ERROR;
				CLANG_WARN_EMPTY_BODY = YES;
				CLANG_WARN_ENUM_CONVERSION = YES;
				CLANG_WARN_INT_CONVERSION = YES;
				CLANG_WARN_OBJC_ROOT_CLASS = YES_ERROR;
				CLANG_WARN_UNREACHABLE_CODE = YES;
				CLANG_WARN__DUPLICATE_METHOD_MATCH = YES;
				CODE_SIGN_IDENTITY = "-";
				COPY_PHASE_STRIP = NO;
				DEBUG_INFORMATION_FORMAT = "dwarf-with-dsym";
				ENABLE_NS_ASSERTIONS = NO;
				ENABLE_STRICT_OBJC_MSGSEND = YES;
				GCC_C_LANGUAGE_STANDARD = gnu99;
				GCC_NO_COMMON_BLOCKS = YES;
				GCC_WARN_64_TO_32_BIT_CONVERSION = YES;
				GCC_WARN_ABOUT_RETURN_TYPE = YES_ERROR;
				GCC_WARN_UNDECLARED_SELECTOR = YES;
				GCC_WARN_UNINITIALIZED_AUTOS = YES_AGGRESSIVE;
				GCC_WARN_UNUSED_FUNCTION = YES;
				GCC_WARN_UNUSED_VARIABLE = YES;
				MACOSX_DEPLOYMENT_TARGET = 10.11;
				MTL_ENABLE_DEBUG_INFO = NO;
				SDKROOT = macosx;
			};
			name = Release;
		};
		AA32A63B1C32997700035F84 /* Debug */ = {
			isa = XCBuildConfiguration;
			buildSettings = {
				PRODUCT_NAME = "$(TARGET_NAME)";
			};
			name = Debug;
		};
		AA32A63C1C32997700035F84 /* Release */ = {
			isa = XCBuildConfiguration;
			buildSettings = {
				PRODUCT_NAME = "$(TARGET_NAME)";
			};
			name = Release;
		};
		AA7EE03C1C4B358D005615CF /* Debug */ = {
			isa = XCBuildConfiguration;
			buildSettings = {
				COMBINE_HIDPI_IMAGES = YES;
				INFOPLIST_FILE = "NSGA-II-Tests/Info.plist";
				LD_RUNPATH_SEARCH_PATHS = "$(inherited) @executable_path/../Frameworks @loader_path/../Frameworks";
				PRODUCT_BUNDLE_IDENTIFIER = "com.ejackwitz.NSGA-II-Tests";
				PRODUCT_NAME = "$(TARGET_NAME)";
			};
			name = Debug;
		};
		AA7EE03D1C4B358D005615CF /* Release */ = {
			isa = XCBuildConfiguration;
			buildSettings = {
				COMBINE_HIDPI_IMAGES = YES;
				INFOPLIST_FILE = "NSGA-II-Tests/Info.plist";
				LD_RUNPATH_SEARCH_PATHS = "$(inherited) @executable_path/../Frameworks @loader_path/../Frameworks";
				PRODUCT_BUNDLE_IDENTIFIER = "com.ejackwitz.NSGA-II-Tests";
				PRODUCT_NAME = "$(TARGET_NAME)";
			};
			name = Release;
		};
/* End XCBuildConfiguration section */

/* Begin XCConfigurationList section */
		AA32A62E1C32997700035F84 /* Build configuration list for PBXProject "NSGA-II" */ = {
			isa = XCConfigurationList;
			buildConfigurations = (
				AA32A6381C32997700035F84 /* Debug */,
				AA32A6391C32997700035F84 /* Release */,
			);
			defaultConfigurationIsVisible = 0;
			defaultConfigurationName = Release;
		};
		AA32A63A1C32997700035F84 /* Build configuration list for PBXNativeTarget "NSGA-II" */ = {
			isa = XCConfigurationList;
			buildConfigurations = (
				AA32A63B1C32997700035F84 /* Debug */,
				AA32A63C1C32997700035F84 /* Release */,
			);
			defaultConfigurationIsVisible = 0;
			defaultConfigurationName = Release;
		};
		AA7EE03B1C4B358D005615CF /* Build configuration list for PBXNativeTarget "NSGA-II-Tests" */ = {
			isa = XCConfigurationList;
			buildConfigurations = (
				AA7EE03C1C4B358D005615CF /* Debug */,
				AA7EE03D1C4B358D005615CF /* Release */,
			);
			defaultConfigurationIsVisible = 0;
			defaultConfigurationName = Release;
		};
/* End XCConfigurationList section */
	};
	rootObject = AA32A62B1C32997700035F84 /* Project object */;
}
